
Microsoft Visual Studio Solution File, Format Version 12.00
# Visual Studio Version 17
VisualStudioVersion = 17.6.33829.357
MinimumVisualStudioVersion = 10.0.40219.1
Project("{FAE04EC0-301F-11D3-BF4B-00C04F79EFBC}") = "Race Condition Example", "Race Condition Example\Race Condition Example.csproj", "{38B453AB-0A50-403E-9DF5-F8454FAA4097}"
EndProject
Global
	GlobalSection(SolutionConfigurationPlatforms) = preSolution
		Debug|Any CPU = Debug|Any CPU
		Release|Any CPU = Release|Any CPU
	EndGlobalSection
	GlobalSection(ProjectConfigurationPlatforms) = postSolution
		{38B453AB-0A50-403E-9DF5-F8454FAA4097}.Debug|Any CPU.ActiveCfg = Debug|Any CPU
		{38B453AB-0A50-403E-9DF5-F8454FAA4097}.Debug|Any CPU.Build.0 = Debug|Any CPU
		{38B453AB-0A50-403E-9DF5-F8454FAA4097}.Release|Any CPU.ActiveCfg = Release|Any CPU
		{38B453AB-0A50-403E-9DF5-F8454FAA4097}.Release|Any CPU.Build.0 = Release|Any CPU
	EndGlobalSection
	GlobalSection(SolutionProperties) = preSolution
		HideSolutionNode = FALSE
	EndGlobalSection
	GlobalSection(ExtensibilityGlobals) = postSolution
		SolutionGuid = {9B549713-D3C2-4FA9-8DDC-79404656F7B1}
	EndGlobalSection
EndGlobal
